
Microsoft Visual Studio Solution File, Format Version 12.00
Project("{FAE04EC0-301F-11D3-BF4B-00C04F79EFBC}") = "LINQ-Workshop", "LINQ-Workshop\LINQ-Workshop.csproj", "{93A2E5FC-09EF-4036-BFFD-0721A244DC73}"
EndProject
Project("{FAE04EC0-301F-11D3-BF4B-00C04F79EFBC}") = "LINQ-Workshop-2", "LINQ-Workshop-2\LINQ-Workshop-2.csproj", "{EE31900D-1794-4B96-939D-9D020551B35B}"
EndProject
Project("{FAE04EC0-301F-11D3-BF4B-00C04F79EFBC}") = "LINQ-Workshop-3", "LINQ-Workshop-3\LINQ-Workshop-3.csproj", "{69A0B277-8D95-4495-9718-CF7F2724BB5C}"
EndProject
Project("{FAE04EC0-301F-11D3-BF4B-00C04F79EFBC}") = "LINQ-Workshop-4", "LINQ-Workshop-4\LINQ-Workshop-4.csproj", "{4990B800-0986-4962-A8A5-F91EDADDA972}"
EndProject
Project("{FAE04EC0-301F-11D3-BF4B-00C04F79EFBC}") = "LINQ-Practical-Project", "LINQ-Practical-Project\LINQ-Practical-Project.csproj", "{ED4FD936-4082-4572-AB42-4DC481CE0CBE}"
EndProject
Global
	GlobalSection(SolutionConfigurationPlatforms) = preSolution
		Debug|Any CPU = Debug|Any CPU
		Release|Any CPU = Release|Any CPU
	EndGlobalSection
	GlobalSection(ProjectConfigurationPlatforms) = postSolution
		{93A2E5FC-09EF-4036-BFFD-0721A244DC73}.Debug|Any CPU.ActiveCfg = Debug|Any CPU
		{93A2E5FC-09EF-4036-BFFD-0721A244DC73}.Debug|Any CPU.Build.0 = Debug|Any CPU
		{93A2E5FC-09EF-4036-BFFD-0721A244DC73}.Release|Any CPU.ActiveCfg = Release|Any CPU
		{93A2E5FC-09EF-4036-BFFD-0721A244DC73}.Release|Any CPU.Build.0 = Release|Any CPU
		{EE31900D-1794-4B96-939D-9D020551B35B}.Debug|Any CPU.ActiveCfg = Debug|Any CPU
		{EE31900D-1794-4B96-939D-9D020551B35B}.Debug|Any CPU.Build.0 = Debug|Any CPU
		{EE31900D-1794-4B96-939D-9D020551B35B}.Release|Any CPU.ActiveCfg = Release|Any CPU
		{EE31900D-1794-4B96-939D-9D020551B35B}.Release|Any CPU.Build.0 = Release|Any CPU
		{69A0B277-8D95-4495-9718-CF7F2724BB5C}.Debug|Any CPU.ActiveCfg = Debug|Any CPU
		{69A0B277-8D95-4495-9718-CF7F2724BB5C}.Debug|Any CPU.Build.0 = Debug|Any CPU
		{69A0B277-8D95-4495-9718-CF7F2724BB5C}.Release|Any CPU.ActiveCfg = Release|Any CPU
		{69A0B277-8D95-4495-9718-CF7F2724BB5C}.Release|Any CPU.Build.0 = Release|Any CPU
		{4990B800-0986-4962-A8A5-F91EDADDA972}.Debug|Any CPU.ActiveCfg = Debug|Any CPU
		{4990B800-0986-4962-A8A5-F91EDADDA972}.Debug|Any CPU.Build.0 = Debug|Any CPU
		{4990B800-0986-4962-A8A5-F91EDADDA972}.Release|Any CPU.ActiveCfg = Release|Any CPU
		{4990B800-0986-4962-A8A5-F91EDADDA972}.Release|Any CPU.Build.0 = Release|Any CPU
		{ED4FD936-4082-4572-AB42-4DC481CE0CBE}.Debug|Any CPU.ActiveCfg = Debug|Any CPU
		{ED4FD936-4082-4572-AB42-4DC481CE0CBE}.Debug|Any CPU.Build.0 = Debug|Any CPU
		{ED4FD936-4082-4572-AB42-4DC481CE0CBE}.Release|Any CPU.ActiveCfg = Release|Any CPU
		{ED4FD936-4082-4572-AB42-4DC481CE0CBE}.Release|Any CPU.Build.0 = Release|Any CPU
	EndGlobalSection
EndGlobal
